Microsoft Visual Studio Solution File, Format Version 12.00
Project("{FAE04EC0-301F-11D3-BF4B-00C04F79EFBC}") = "backend", "backend/backend.csproj", "{961DF837-2798-4AB5-8D7E-A8A7E37C6A9B}"
EndProject
Global
	GlobalSection(SolutionConfigurationPlatforms) = preSolution
		Debug|Any CPU = Debug|Any CPU
		Release|Any CPU = Release|Any CPU
	EndGlobalSection
	GlobalSection(ProjectConfigurationPlatforms) = postSolution
		{961DF837-2798-4AB5-8D7E-A8A7E37C6A9B}.Debug|Any CPU.ActiveCfg = Debug|Any CPU
		{961DF837-2798-4AB5-8D7E-A8A7E37C6A9B}.Debug|Any CPU.Build.0 = Debug|Any CPU
		{961DF837-2798-4AB5-8D7E-A8A7E37C6A9B}.Release|Any CPU.ActiveCfg = Release|Any CPU
		{961DF837-2798-4AB5-8D7E-A8A7E37C6A9B}.Release|Any CPU.Build.0 = Release|Any CPU
	EndGlobalSection
EndGlobal